// !$*UTF8*$!
{
	archiveVersion = 1;
	classes = {
	};
	objectVersion = 56;
	objects = {

/* Begin PBXBuildFile section */
		89C820F62CDC186700B1EB23 /* PIA13_Swift_Uppgift_1App.swift in Sources */ = {isa = PBXBuildFile; fileRef = 89C820F52CDC186700B1EB23 /* PIA13_Swift_Uppgift_1App.swift */; };
		89C820F82CDC186700B1EB23 /* ContentView.swift in Sources */ = {isa = PBXBuildFile; fileRef = 89C820F72CDC186700B1EB23 /* ContentView.swift */; };
		89C820FA2CDC186A00B1EB23 /* Assets.xcassets in Resources */ = {isa = PBXBuildFile; fileRef = 89C820F92CDC186A00B1EB23 /* Assets.xcassets */; };
		89C820FD2CDC186A00B1EB23 /* Preview Assets.xcassets in Resources */ = {isa = PBXBuildFile; fileRef = 89C820FC2CDC186A00B1EB23 /* Preview Assets.xcassets */; };
		89C821072CDC186A00B1EB23 /* PIA13_Swift_Uppgift_1Tests.swift in Sources */ = {isa = PBXBuildFile; fileRef = 89C821062CDC186A00B1EB23 /* PIA13_Swift_Uppgift_1Tests.swift */; };
		89C821112CDC186A00B1EB23 /* PIA13_Swift_Uppgift_1UITests.swift in Sources */ = {isa = PBXBuildFile; fileRef = 89C821102CDC186A00B1EB23 /* PIA13_Swift_Uppgift_1UITests.swift */; };
		89C821132CDC186A00B1EB23 /* PIA13_Swift_Uppgift_1UITestsLaunchTests.swift in Sources */ = {isa = PBXBuildFile; fileRef = 89C821122CDC186A00B1EB23 /* PIA13_Swift_Uppgift_1UITestsLaunchTests.swift */; };
/* End PBXBuildFile section */

/* Begin PBXContainerItemProxy section */
		89C821032CDC186A00B1EB23 /* PBXContainerItemProxy */ = {
			isa = PBXContainerItemProxy;
			containerPortal = 89C820EA2CDC186700B1EB23 /* Project object */;
			proxyType = 1;
			remoteGlobalIDString = 89C820F12CDC186700B1EB23;
			remoteInfo = "PIA13 Swift Uppgift 1";
		};
		89C8210D2CDC186A00B1EB23 /* PBXContainerItemProxy */ = {
			isa = PBXContainerItemProxy;
			containerPortal = 89C820EA2CDC186700B1EB23 /* Project object */;
			proxyType = 1;
			remoteGlobalIDString = 89C820F12CDC186700B1EB23;
			remoteInfo = "PIA13 Swift Uppgift 1";
		};
/* End PBXContainerItemProxy section */

/* Begin PBXFileReference section */
		89C820F22CDC186700B1EB23 /* PIA13 Swift Uppgift 1.app */ = {isa = PBXFileReference; explicitFileType = wrapper.application; includeInIndex = 0; path = "PIA13 Swift Uppgift 1.app"; sourceTree = BUILT_PRODUCTS_DIR; };
		89C820F52CDC186700B1EB23 /* PIA13_Swift_Uppgift_1App.swift */ = {isa = PBXFileReference; lastKnownFileType = sourcecode.swift; path = PIA13_Swift_Uppgift_1App.swift; sourceTree = "<group>"; };
		89C820F72CDC186700B1EB23 /* ContentView.swift */ = {isa = PBXFileReference; lastKnownFileType = sourcecode.swift; path = ContentView.swift; sourceTree = "<group>"; };
		89C820F92CDC186A00B1EB23 /* Assets.xcassets */ = {isa = PBXFileReference; lastKnownFileType = folder.assetcatalog; path = Assets.xcassets; sourceTree = "<group>"; };
		89C820FC2CDC186A00B1EB23 /* Preview Assets.xcassets */ = {isa = PBXFileReference; lastKnownFileType = folder.assetcatalog; path = "Preview Assets.xcassets"; sourceTree = "<group>"; };
		89C821022CDC186A00B1EB23 /* PIA13 Swift Uppgift 1Tests.xctest */ = {isa = PBXFileReference; explicitFileType = wrapper.cfbundle; includeInIndex = 0; path = "PIA13 Swift Uppgift 1Tests.xctest"; sourceTree = BUILT_PRODUCTS_DIR; };
		89C821062CDC186A00B1EB23 /* PIA13_Swift_Uppgift_1Tests.swift */ = {isa = PBXFileReference; lastKnownFileType = sourcecode.swift; path = PIA13_Swift_Uppgift_1Tests.swift; sourceTree = "<group>"; };
		89C8210C2CDC186A00B1EB23 /* PIA13 Swift Uppgift 1UITests.xctest */ = {isa = PBXFileReference; explicitFileType = wrapper.cfbundle; includeInIndex = 0; path = "PIA13 Swift Uppgift 1UITests.xctest"; sourceTree = BUILT_PRODUCTS_DIR; };
		89C821102CDC186A00B1EB23 /* PIA13_Swift_Uppgift_1UITests.swift */ = {isa = PBXFileReference; lastKnownFileType = sourcecode.swift; path = PIA13_Swift_Uppgift_1UITests.swift; sourceTree = "<group>"; };
		89C821122CDC186A00B1EB23 /* PIA13_Swift_Uppgift_1UITestsLaunchTests.swift */ = {isa = PBXFileReference; lastKnownFileType = sourcecode.swift; path = PIA13_Swift_Uppgift_1UITestsLaunchTests.swift; sourceTree = "<group>"; };
/* End PBXFileReference section */

/* Begin PBXFrameworksBuildPhase section */
		89C820EF2CDC186700B1EB23 /* Frameworks */ = {
			isa = PBXFrameworksBuildPhase;
			buildActionMask = 2147483647;
			files = (
			);
			runOnlyForDeploymentPostprocessing = 0;
		};
		89C820FF2CDC186A00B1EB23 /* Frameworks */ = {
			isa = PBXFrameworksBuildPhase;
			buildActionMask = 2147483647;
			files = (
			);
			runOnlyForDeploymentPostprocessing = 0;
		};
		89C821092CDC186A00B1EB23 /* Frameworks */ = {
			isa = PBXFrameworksBuildPhase;
			buildActionMask = 2147483647;
			files = (
			);
			runOnlyForDeploymentPostprocessing = 0;
		};
/* End PBXFrameworksBuildPhase section */

/* Begin PBXGroup section */
		89C820E92CDC186700B1EB23 = {
			isa = PBXGroup;
			children = (
				89C820F42CDC186700B1EB23 /* PIA13 Swift Uppgift 1 */,
				89C821052CDC186A00B1EB23 /* PIA13 Swift Uppgift 1Tests */,
				89C8210F2CDC186A00B1EB23 /* PIA13 Swift Uppgift 1UITests */,
				89C820F32CDC186700B1EB23 /* Products */,
			);
			sourceTree = "<group>";
		};
		89C820F32CDC186700B1EB23 /* Products */ = {
			isa = PBXGroup;
			children = (
				89C820F22CDC186700B1EB23 /* PIA13 Swift Uppgift 1.app */,
				89C821022CDC186A00B1EB23 /* PIA13 Swift Uppgift 1Tests.xctest */,
				89C8210C2CDC186A00B1EB23 /* PIA13 Swift Uppgift 1UITests.xctest */,
			);
			name = Products;
			sourceTree = "<group>";
		};
		89C820F42CDC186700B1EB23 /* PIA13 Swift Uppgift 1 */ = {
			isa = PBXGroup;
			children = (
				89C820F52CDC186700B1EB23 /* PIA13_Swift_Uppgift_1App.swift */,
				89C820F72CDC186700B1EB23 /* ContentView.swift */,
				89C820F92CDC186A00B1EB23 /* Assets.xcassets */,
				89C820FB2CDC186A00B1EB23 /* Preview Content */,
			);
			path = "PIA13 Swift Uppgift 1";
			sourceTree = "<group>";
		};
		89C820FB2CDC186A00B1EB23 /* Preview Content */ = {
			isa = PBXGroup;
			children = (
				89C820FC2CDC186A00B1EB23 /* Preview Assets.xcassets */,
			);
			path = "Preview Content";
			sourceTree = "<group>";
		};
		89C821052CDC186A00B1EB23 /* PIA13 Swift Uppgift 1Tests */ = {
			isa = PBXGroup;
			children = (
				89C821062CDC186A00B1EB23 /* PIA13_Swift_Uppgift_1Tests.swift */,
			);
			path = "PIA13 Swift Uppgift 1Tests";
			sourceTree = "<group>";
		};
		89C8210F2CDC186A00B1EB23 /* PIA13 Swift Uppgift 1UITests */ = {
			isa = PBXGroup;
			children = (
				89C821102CDC186A00B1EB23 /* PIA13_Swift_Uppgift_1UITests.swift */,
				89C821122CDC186A00B1EB23 /* PIA13_Swift_Uppgift_1UITestsLaunchTests.swift */,
			);
			path = "PIA13 Swift Uppgift 1UITests";
			sourceTree = "<group>";
		};
/* End PBXGroup section */

/* Begin PBXNativeTarget section */
		89C820F12CDC186700B1EB23 /* PIA13 Swift Uppgift 1 */ = {
			isa = PBXNativeTarget;
			buildConfigurationList = 89C821162CDC186A00B1EB23 /* Build configuration list for PBXNativeTarget "PIA13 Swift Uppgift 1" */;
			buildPhases = (
				89C820EE2CDC186700B1EB23 /* Sources */,
				89C820EF2CDC186700B1EB23 /* Frameworks */,
				89C820F02CDC186700B1EB23 /* Resources */,
			);
			buildRules = (
			);
			dependencies = (
			);
			name = "PIA13 Swift Uppgift 1";
			productName = "PIA13 Swift Uppgift 1";
			productReference = 89C820F22CDC186700B1EB23 /* PIA13 Swift Uppgift 1.app */;
			productType = "com.apple.product-type.application";
		};
		89C821012CDC186A00B1EB23 /* PIA13 Swift Uppgift 1Tests */ = {
			isa = PBXNativeTarget;
			buildConfigurationList = 89C821192CDC186A00B1EB23 /* Build configuration list for PBXNativeTarget "PIA13 Swift Uppgift 1Tests" */;
			buildPhases = (
				89C820FE2CDC186A00B1EB23 /* Sources */,
				89C820FF2CDC186A00B1EB23 /* Frameworks */,
				89C821002CDC186A00B1EB23 /* Resources */,
			);
			buildRules = (
			);
			dependencies = (
				89C821042CDC186A00B1EB23 /* PBXTargetDependency */,
			);
			name = "PIA13 Swift Uppgift 1Tests";
			productName = "PIA13 Swift Uppgift 1Tests";
			productReference = 89C821022CDC186A00B1EB23 /* PIA13 Swift Uppgift 1Tests.xctest */;
			productType = "com.apple.product-type.bundle.unit-test";
		};
		89C8210B2CDC186A00B1EB23 /* PIA13 Swift Uppgift 1UITests */ = {
			isa = PBXNativeTarget;
			buildConfigurationList = 89C8211C2CDC186A00B1EB23 /* Build configuration list for PBXNativeTarget "PIA13 Swift Uppgift 1UITests" */;
			buildPhases = (
				89C821082CDC186A00B1EB23 /* Sources */,
				89C821092CDC186A00B1EB23 /* Frameworks */,
				89C8210A2CDC186A00B1EB23 /* Resources */,
			);
			buildRules = (
			);
			dependencies = (
				89C8210E2CDC186A00B1EB23 /* PBXTargetDependency */,
			);
			name = "PIA13 Swift Uppgift 1UITests";
			productName = "PIA13 Swift Uppgift 1UITests";
			productReference = 89C8210C2CDC186A00B1EB23 /* PIA13 Swift Uppgift 1UITests.xctest */;
			productType = "com.apple.product-type.bundle.ui-testing";
		};
/* End PBXNativeTarget section */

/* Begin PBXProject section */
		89C820EA2CDC186700B1EB23 /* Project object */ = {
			isa = PBXProject;
			attributes = {
				BuildIndependentTargetsInParallel = 1;
				LastSwiftUpdateCheck = 1540;
				LastUpgradeCheck = 1540;
				TargetAttributes = {
					89C820F12CDC186700B1EB23 = {
						CreatedOnToolsVersion = 15.4;
					};
					89C821012CDC186A00B1EB23 = {
						CreatedOnToolsVersion = 15.4;
						TestTargetID = 89C820F12CDC186700B1EB23;
					};
					89C8210B2CDC186A00B1EB23 = {
						CreatedOnToolsVersion = 15.4;
						TestTargetID = 89C820F12CDC186700B1EB23;
					};
				};
			};
			buildConfigurationList = 89C820ED2CDC186700B1EB23 /* Build configuration list for PBXProject "PIA13 Swift Uppgift 1" */;
			compatibilityVersion = "Xcode 14.0";
			developmentRegion = en;
			hasScannedForEncodings = 0;
			knownRegions = (
				en,
				Base,
			);
			mainGroup = 89C820E92CDC186700B1EB23;
			productRefGroup = 89C820F32CDC186700B1EB23 /* Products */;
			projectDirPath = "";
			projectRoot = "";
			targets = (
				89C820F12CDC186700B1EB23 /* PIA13 Swift Uppgift 1 */,
				89C821012CDC186A00B1EB23 /* PIA13 Swift Uppgift 1Tests */,
				89C8210B2CDC186A00B1EB23 /* PIA13 Swift Uppgift 1UITests */,
			);
		};
/* End PBXProject section */

/* Begin PBXResourcesBuildPhase section */
		89C820F02CDC186700B1EB23 /* Resources */ = {
			isa = PBXResourcesBuildPhase;
			buildActionMask = 2147483647;
			files = (
				89C820FD2CDC186A00B1EB23 /* Preview Assets.xcassets in Resources */,
				89C820FA2CDC186A00B1EB23 /* Assets.xcassets in Resources */,
			);
			runOnlyForDeploymentPostprocessing = 0;
		};
		89C821002CDC186A00B1EB23 /* Resources */ = {
			isa = PBXResourcesBuildPhase;
			buildActionMask = 2147483647;
			files = (
			);
			runOnlyForDeploymentPostprocessing = 0;
		};
		89C8210A2CDC186A00B1EB23 /* Resources */ = {
			isa = PBXResourcesBuildPhase;
			buildActionMask = 2147483647;
			files = (
			);
			runOnlyForDeploymentPostprocessing = 0;
		};
/* End PBXResourcesBuildPhase section */

/* Begin PBXSourcesBuildPhase section */
		89C820EE2CDC186700B1EB23 /* Sources */ = {
			isa = PBXSourcesBuildPhase;
			buildActionMask = 2147483647;
			files = (
				89C820F82CDC186700B1EB23 /* ContentView.swift in Sources */,
				89C820F62CDC186700B1EB23 /* PIA13_Swift_Uppgift_1App.swift in Sources */,
			);
			runOnlyForDeploymentPostprocessing = 0;
		};
		89C820FE2CDC186A00B1EB23 /* Sources */ = {
			isa = PBXSourcesBuildPhase;
			buildActionMask = 2147483647;
			files = (
				89C821072CDC186A00B1EB23 /* PIA13_Swift_Uppgift_1Tests.swift in Sources */,
			);
			runOnlyForDeploymentPostprocessing = 0;
		};
		89C821082CDC186A00B1EB23 /* Sources */ = {
			isa = PBXSourcesBuildPhase;
			buildActionMask = 2147483647;
			files = (
				89C821112CDC186A00B1EB23 /* PIA13_Swift_Uppgift_1UITests.swift in Sources */,
				89C821132CDC186A00B1EB23 /* PIA13_Swift_Uppgift_1UITestsLaunchTests.swift in Sources */,
			);
			runOnlyForDeploymentPostprocessing = 0;
		};
/* End PBXSourcesBuildPhase section */

/* Begin PBXTargetDependency section */
		89C821042CDC186A00B1EB23 /* PBXTargetDependency */ = {
			isa = PBXTargetDependency;
			target = 89C820F12CDC186700B1EB23 /* PIA13 Swift Uppgift 1 */;
			targetProxy = 89C821032CDC186A00B1EB23 /* PBXContainerItemProxy */;
		};
		89C8210E2CDC186A00B1EB23 /* PBXTargetDependency */ = {
			isa = PBXTargetDependency;
			target = 89C820F12CDC186700B1EB23 /* PIA13 Swift Uppgift 1 */;
			targetProxy = 89C8210D2CDC186A00B1EB23 /* PBXContainerItemProxy */;
		};
/* End PBXTargetDependency section */

/* Begin XCBuildConfiguration section */
		89C821142CDC186A00B1EB23 /* Debug */ = {
			isa = XCBuildConfiguration;
			buildSettings = {
				ALWAYS_SEARCH_USER_PATHS = NO;
				ASSETCATALOG_COMPILER_GENERATE_SWIFT_ASSET_SYMBOL_EXTENSIONS = YES;
				CLANG_ANALYZER_NONNULL = YES;
				CLANG_ANALYZER_NUMBER_OBJECT_CONVERSION = YES_AGGRESSIVE;
				CLANG_CXX_LANGUAGE_STANDARD = "gnu++20";
				CLANG_ENABLE_MODULES = YES;
				CLANG_ENABLE_OBJC_ARC = YES;
				CLANG_ENABLE_OBJC_WEAK = YES;
				CLANG_WARN_BLOCK_CAPTURE_AUTORELEASING = YES;
				CLANG_WARN_BOOL_CONVERSION = YES;
				CLANG_WARN_COMMA = YES;
				CLANG_WARN_CONSTANT_CONVERSION = YES;
				CLANG_WARN_DEPRECATED_OBJC_IMPLEMENTATIONS = YES;
				CLANG_WARN_DIRECT_OBJC_ISA_USAGE = YES_ERROR;
				CLANG_WARN_DOCUMENTATION_COMMENTS = YES;
				CLANG_WARN_EMPTY_BODY = YES;
				CLANG_WARN_ENUM_CONVERSION = YES;
				CLANG_WARN_INFINITE_RECURSION = YES;
				CLANG_WARN_INT_CONVERSION = YES;
				CLANG_WARN_NON_LITERAL_NULL_CONVERSION = YES;
				CLANG_WARN_OBJC_IMPLICIT_RETAIN_SELF = YES;
				CLANG_WARN_OBJC_LITERAL_CONVERSION = YES;
				CLANG_WARN_OBJC_ROOT_CLASS = YES_ERROR;
				CLANG_WARN_QUOTED_INCLUDE_IN_FRAMEWORK_HEADER = YES;
				CLANG_WARN_RANGE_LOOP_ANALYSIS = YES;
				CLANG_WARN_STRICT_PROTOTYPES = YES;
				CLANG_WARN_SUSPICIOUS_MOVE = YES;
				CLANG_WARN_UNGUARDED_AVAILABILITY = YES_AGGRESSIVE;
				CLANG_WARN_UNREACHABLE_CODE = YES;
				CLANG_WARN__DUPLICATE_METHOD_MATCH = YES;
				COPY_PHASE_STRIP = NO;
				DEBUG_INFORMATION_FORMAT = dwarf;
				ENABLE_STRICT_OBJC_MSGSEND = YES;
				ENABLE_TESTABILITY = YES;
				ENABLE_USER_SCRIPT_SANDBOXING = YES;
				GCC_C_LANGUAGE_STANDARD = gnu17;
				GCC_DYNAMIC_NO_PIC = NO;
				GCC_NO_COMMON_BLOCKS = YES;
				GCC_OPTIMIZATION_LEVEL = 0;
				GCC_PREPROCESSOR_DEFINITIONS = (
					"DEBUG=1",
					"$(inherited)",
				);
				GCC_WARN_64_TO_32_BIT_CONVERSION = YES;
				GCC_WARN_ABOUT_RETURN_TYPE = YES_ERROR;
				GCC_WARN_UNDECLARED_SELECTOR = YES;
				GCC_WARN_UNINITIALIZED_AUTOS = YES_AGGRESSIVE;
				GCC_WARN_UNUSED_FUNCTION = YES;
				GCC_WARN_UNUSED_VARIABLE = YES;
				IPHONEOS_DEPLOYMENT_TARGET = 17.5;
				LOCALIZATION_PREFERS_STRING_CATALOGS = YES;
				MTL_ENABLE_DEBUG_INFO = INCLUDE_SOURCE;
				MTL_FAST_MATH = YES;
				ONLY_ACTIVE_ARCH = YES;
				SDKROOT = iphoneos;
				SWIFT_ACTIVE_COMPILATION_CONDITIONS = "DEBUG $(inherited)";
				SWIFT_OPTIMIZATION_LEVEL = "-Onone";
			};
			name = Debug;
		};
		89C821152CDC186A00B1EB23 /* Release */ = {
			isa = XCBuildConfiguration;
			buildSettings = {
				ALWAYS_SEARCH_USER_PATHS = NO;
				ASSETCATALOG_COMPILER_GENERATE_SWIFT_ASSET_SYMBOL_EXTENSIONS = YES;
				CLANG_ANALYZER_NONNULL = YES;
				CLANG_ANALYZER_NUMBER_OBJECT_CONVERSION = YES_AGGRESSIVE;
				CLANG_CXX_LANGUAGE_STANDARD = "gnu++20";
				CLANG_ENABLE_MODULES = YES;
				CLANG_ENABLE_OBJC_ARC = YES;
				CLANG_ENABLE_OBJC_WEAK = YES;
				CLANG_WARN_BLOCK_CAPTURE_AUTORELEASING = YES;
				CLANG_WARN_BOOL_CONVERSION = YES;
				CLANG_WARN_COMMA = YES;
				CLANG_WARN_CONSTANT_CONVERSION = YES;
				CLANG_WARN_DEPRECATED_OBJC_IMPLEMENTATIONS = YES;
				CLANG_WARN_DIRECT_OBJC_ISA_USAGE = YES_ERROR;
				CLANG_WARN_DOCUMENTATION_COMMENTS = YES;
				CLANG_WARN_EMPTY_BODY = YES;
				CLANG_WARN_ENUM_CONVERSION = YES;
				CLANG_WARN_INFINITE_RECURSION = YES;
				CLANG_WARN_INT_CONVERSION = YES;
				CLANG_WARN_NON_LITERAL_NULL_CONVERSION = YES;
				CLANG_WARN_OBJC_IMPLICIT_RETAIN_SELF = YES;
				CLANG_WARN_OBJC_LITERAL_CONVERSION = YES;
				CLANG_WARN_OBJC_ROOT_CLASS = YES_ERROR;
				CLANG_WARN_QUOTED_INCLUDE_IN_FRAMEWORK_HEADER = YES;
				CLANG_WARN_RANGE_LOOP_ANALYSIS = YES;
				CLANG_WARN_STRICT_PROTOTYPES = YES;
				CLANG_WARN_SUSPICIOUS_MOVE = YES;
				CLANG_WARN_UNGUARDED_AVAILABILITY = YES_AGGRESSIVE;
				CLANG_WARN_UNREACHABLE_CODE = YES;
				CLANG_WARN__DUPLICATE_METHOD_MATCH = YES;
				COPY_PHASE_STRIP = NO;
				DEBUG_INFORMATION_FORMAT = "dwarf-with-dsym";
				ENABLE_NS_ASSERTIONS = NO;
				ENABLE_STRICT_OBJC_MSGSEND = YES;
				ENABLE_USER_SCRIPT_SANDBOXING = YES;
				GCC_C_LANGUAGE_STANDARD = gnu17;
				GCC_NO_COMMON_BLOCKS = YES;
				GCC_WARN_64_TO_32_BIT_CONVERSION = YES;
				GCC_WARN_ABOUT_RETURN_TYPE = YES_ERROR;
				GCC_WARN_UNDECLARED_SELECTOR = YES;
				GCC_WARN_UNINITIALIZED_AUTOS = YES_AGGRESSIVE;
				GCC_WARN_UNUSED_FUNCTION = YES;
				GCC_WARN_UNUSED_VARIABLE = YES;
				IPHONEOS_DEPLOYMENT_TARGET = 17.5;
				LOCALIZATION_PREFERS_STRING_CATALOGS = YES;
				MTL_ENABLE_DEBUG_INFO = NO;
				MTL_FAST_MATH = YES;
				SDKROOT = iphoneos;
				SWIFT_COMPILATION_MODE = wholemodule;
				VALIDATE_PRODUCT = YES;
			};
			name = Release;
		};
		89C821172CDC186A00B1EB23 /* Debug */ = {
			isa = XCBuildConfiguration;
			buildSettings = {
				ASSETCATALOG_COMPILER_APPICON_NAME = AppIcon;
				ASSETCATALOG_COMPILER_GLOBAL_ACCENT_COLOR_NAME = AccentColor;
				CODE_SIGN_STYLE = Automatic;
				CURRENT_PROJECT_VERSION = 1;
				DEVELOPMENT_ASSET_PATHS = "\"PIA13 Swift Uppgift 1/Preview Content\"";
				ENABLE_PREVIEWS = YES;
				GENERATE_INFOPLIST_FILE = YES;
				INFOPLIST_KEY_UIApplicationSceneManifest_Generation = YES;
				INFOPLIST_KEY_UIApplicationSupportsIndirectInputEvents = YES;
				INFOPLIST_KEY_UILaunchScreen_Generation = YES;
				INFOPLIST_KEY_UISupportedInterfaceOrientations_iPad = "UIInterfaceOrientationPortrait UIInterfaceOrientationPortraitUpsideDown UIInterfaceOrientationLandscapeLeft UIInterfaceOrientationLandscapeRight";
				INFOPLIST_KEY_UISupportedInterfaceOrientations_iPhone = "UIInterfaceOrientationPortrait UIInterfaceOrientationLandscapeLeft UIInterfaceOrientationLandscapeRight";
				LD_RUNPATH_SEARCH_PATHS = (
					"$(inherited)",
					"@executable_path/Frameworks",
				);
				MARKETING_VERSION = 1.0;
				PRODUCT_BUNDLE_IDENTIFIER = "Kamila.Ponomarova.PIA13-Swift-Uppgift-1";
				PRODUCT_NAME = "$(TARGET_NAME)";
				SWIFT_EMIT_LOC_STRINGS = YES;
				SWIFT_VERSION = 5.0;
				TARGETED_DEVICE_FAMILY = "1,2";
			};
			name = Debug;
		};
		89C821182CDC186A00B1EB23 /* Release */ = {
			isa = XCBuildConfiguration;
			buildSettings = {
				ASSETCATALOG_COMPILER_APPICON_NAME = AppIcon;
				ASSETCATALOG_COMPILER_GLOBAL_ACCENT_COLOR_NAME = AccentColor;
				CODE_SIGN_STYLE = Automatic;
				CURRENT_PROJECT_VERSION = 1;
				DEVELOPMENT_ASSET_PATHS = "\"PIA13 Swift Uppgift 1/Preview Content\"";
				ENABLE_PREVIEWS = YES;
				GENERATE_INFOPLIST_FILE = YES;
				INFOPLIST_KEY_UIApplicationSceneManifest_Generation = YES;
				INFOPLIST_KEY_UIApplicationSupportsIndirectInputEvents = YES;
				INFOPLIST_KEY_UILaunchScreen_Generation = YES;
				INFOPLIST_KEY_UISupportedInterfaceOrientations_iPad = "UIInterfaceOrientationPortrait UIInterfaceOrientationPortraitUpsideDown UIInterfaceOrientationLandscapeLeft UIInterfaceOrientationLandscapeRight";
				INFOPLIST_KEY_UISupportedInterfaceOrientations_iPhone = "UIInterfaceOrientationPortrait UIInterfaceOrientationLandscapeLeft UIInterfaceOrientationLandscapeRight";
				LD_RUNPATH_SEARCH_PATHS = (
					"$(inherited)",
					"@executable_path/Frameworks",
				);
				MARKETING_VERSION = 1.0;
				PRODUCT_BUNDLE_IDENTIFIER = "Kamila.Ponomarova.PIA13-Swift-Uppgift-1";
				PRODUCT_NAME = "$(TARGET_NAME)";
				SWIFT_EMIT_LOC_STRINGS = YES;
				SWIFT_VERSION = 5.0;
				TARGETED_DEVICE_FAMILY = "1,2";
			};
			name = Release;
		};
		89C8211A2CDC186A00B1EB23 /* Debug */ = {
			isa = XCBuildConfiguration;
			buildSettings = {
				ALWAYS_EMBED_SWIFT_STANDARD_LIBRARIES = YES;
				BUNDLE_LOADER = "$(TEST_HOST)";
				CODE_SIGN_STYLE = Automatic;
				CURRENT_PROJECT_VERSION = 1;
				GENERATE_INFOPLIST_FILE = YES;
				IPHONEOS_DEPLOYMENT_TARGET = 17.5;
				MARKETING_VERSION = 1.0;
				PRODUCT_BUNDLE_IDENTIFIER = "Kamila.Ponomarova.PIA13-Swift-Uppgift-1Tests";
				PRODUCT_NAME = "$(TARGET_NAME)";
				SWIFT_EMIT_LOC_STRINGS = NO;
				SWIFT_VERSION = 5.0;
				TARGETED_DEVICE_FAMILY = "1,2";
				TEST_HOST = "$(BUILT_PRODUCTS_DIR)/PIA13 Swift Uppgift 1.app/$(BUNDLE_EXECUTABLE_FOLDER_PATH)/PIA13 Swift Uppgift 1";
			};
			name = Debug;
		};
		89C8211B2CDC186A00B1EB23 /* Release */ = {
			isa = XCBuildConfiguration;
			buildSettings = {
				ALWAYS_EMBED_SWIFT_STANDARD_LIBRARIES = YES;
				BUNDLE_LOADER = "$(TEST_HOST)";
				CODE_SIGN_STYLE = Automatic;
				CURRENT_PROJECT_VERSION = 1;
				GENERATE_INFOPLIST_FILE = YES;
				IPHONEOS_DEPLOYMENT_TARGET = 17.5;
				MARKETING_VERSION = 1.0;
				PRODUCT_BUNDLE_IDENTIFIER = "Kamila.Ponomarova.PIA13-Swift-Uppgift-1Tests";
				PRODUCT_NAME = "$(TARGET_NAME)";
				SWIFT_EMIT_LOC_STRINGS = NO;
				SWIFT_VERSION = 5.0;
				TARGETED_DEVICE_FAMILY = "1,2";
				TEST_HOST = "$(BUILT_PRODUCTS_DIR)/PIA13 Swift Uppgift 1.app/$(BUNDLE_EXECUTABLE_FOLDER_PATH)/PIA13 Swift Uppgift 1";
			};
			name = Release;
		};
		89C8211D2CDC186A00B1EB23 /* Debug */ = {
			isa = XCBuildConfiguration;
			buildSettings = {
				ALWAYS_EMBED_SWIFT_STANDARD_LIBRARIES = YES;
				CODE_SIGN_STYLE = Automatic;
				CURRENT_PROJECT_VERSION = 1;
				GENERATE_INFOPLIST_FILE = YES;
				MARKETING_VERSION = 1.0;
				PRODUCT_BUNDLE_IDENTIFIER = "Kamila.Ponomarova.PIA13-Swift-Uppgift-1UITests";
				PRODUCT_NAME = "$(TARGET_NAME)";
				SWIFT_EMIT_LOC_STRINGS = NO;
				SWIFT_VERSION = 5.0;
				TARGETED_DEVICE_FAMILY = "1,2";
				TEST_TARGET_NAME = "PIA13 Swift Uppgift 1";
			};
			name = Debug;
		};
		89C8211E2CDC186A00B1EB23 /* Release */ = {
			isa = XCBuildConfiguration;
			buildSettings = {
				ALWAYS_EMBED_SWIFT_STANDARD_LIBRARIES = YES;
				CODE_SIGN_STYLE = Automatic;
				CURRENT_PROJECT_VERSION = 1;
				GENERATE_INFOPLIST_FILE = YES;
				MARKETING_VERSION = 1.0;
				PRODUCT_BUNDLE_IDENTIFIER = "Kamila.Ponomarova.PIA13-Swift-Uppgift-1UITests";
				PRODUCT_NAME = "$(TARGET_NAME)";
				SWIFT_EMIT_LOC_STRINGS = NO;
				SWIFT_VERSION = 5.0;
				TARGETED_DEVICE_FAMILY = "1,2";
				TEST_TARGET_NAME = "PIA13 Swift Uppgift 1";
			};
			name = Release;
		};
/* End XCBuildConfiguration section */

/* Begin XCConfigurationList section */
		89C820ED2CDC186700B1EB23 /* Build configuration list for PBXProject "PIA13 Swift Uppgift 1" */ = {
			isa = XCConfigurationList;
			buildConfigurations = (
				89C821142CDC186A00B1EB23 /* Debug */,
				89C821152CDC186A00B1EB23 /* Release */,
			);
			defaultConfigurationIsVisible = 0;
			defaultConfigurationName = Release;
		};
		89C821162CDC186A00B1EB23 /* Build configuration list for PBXNativeTarget "PIA13 Swift Uppgift 1" */ = {
			isa = XCConfigurationList;
			buildConfigurations = (
				89C821172CDC186A00B1EB23 /* Debug */,
				89C821182CDC186A00B1EB23 /* Release */,
			);
			defaultConfigurationIsVisible = 0;
			defaultConfigurationName = Release;
		};
		89C821192CDC186A00B1EB23 /* Build configuration list for PBXNativeTarget "PIA13 Swift Uppgift 1Tests" */ = {
			isa = XCConfigurationList;
			buildConfigurations = (
				89C8211A2CDC186A00B1EB23 /* Debug */,
				89C8211B2CDC186A00B1EB23 /* Release */,
			);
			defaultConfigurationIsVisible = 0;
			defaultConfigurationName = Release;
		};
		89C8211C2CDC186A00B1EB23 /* Build configuration list for PBXNativeTarget "PIA13 Swift Uppgift 1UITests" */ = {
			isa = XCConfigurationList;
			buildConfigurations = (
				89C8211D2CDC186A00B1EB23 /* Debug */,
				89C8211E2CDC186A00B1EB23 /* Release */,
			);
			defaultConfigurationIsVisible = 0;
			defaultConfigurationName = Release;
		};
/* End XCConfigurationList section */
	};
	rootObject = 89C820EA2CDC186700B1EB23 /* Project object */;
}
